// !$*UTF8*$!
{
	archiveVersion = 1;
	classes = {
	};
	objectVersion = 56;
	objects = {

/* Begin PBXBuildFile section */
		CCC9DEFD297BB9020048D52A /* AppDelegate.swift in Sources */ = {isa = PBXBuildFile; fileRef = CCC9DEFC297BB9020048D52A /* AppDelegate.swift */; };
		CCC9DEFF297BB9020048D52A /* SceneDelegate.swift in Sources */ = {isa = PBXBuildFile; fileRef = CCC9DEFE297BB9020048D52A /* SceneDelegate.swift */; };
		CCC9DF01297BB9020048D52A /* ViewController.swift in Sources */ = {isa = PBXBuildFile; fileRef = CCC9DF00297BB9020048D52A /* ViewController.swift */; };
		CCC9DF04297BB9020048D52A /* Main.storyboard in Resources */ = {isa = PBXBuildFile; fileRef = CCC9DF02297BB9020048D52A /* Main.storyboard */; };
		CCC9DF06297BB9060048D52A /* Assets.xcassets in Resources */ = {isa = PBXBuildFile; fileRef = CCC9DF05297BB9060048D52A /* Assets.xcassets */; };
		CCC9DF09297BB9060048D52A /* LaunchScreen.storyboard in Resources */ = {isa = PBXBuildFile; fileRef = CCC9DF07297BB9060048D52A /* LaunchScreen.storyboard */; };
		CCC9DF11297BBDDC0048D52A /* TableViewController.swift in Sources */ = {isa = PBXBuildFile; fileRef = CCC9DF10297BBDDC0048D52A /* TableViewController.swift */; };
		CCC9DF13297BC29C0048D52A /* data.swift in Sources */ = {isa = PBXBuildFile; fileRef = CCC9DF12297BC29C0048D52A /* data.swift */; };
		CCC9DF15297BCB9D0048D52A /* DetailsViewController.swift in Sources */ = {isa = PBXBuildFile; fileRef = CCC9DF14297BCB9D0048D52A /* DetailsViewController.swift */; };
/* End PBXBuildFile section */

/* Begin PBXFileReference section */
		CCC9DEF9297BB9020048D52A /* Presidents.app */ = {isa = PBXFileReference; explicitFileType = wrapper.application; includeInIndex = 0; path = Presidents.app; sourceTree = BUILT_PRODUCTS_DIR; };
		CCC9DEFC297BB9020048D52A /* AppDelegate.swift */ = {isa = PBXFileReference; lastKnownFileType = sourcecode.swift; path = AppDelegate.swift; sourceTree = "<group>"; };
		CCC9DEFE297BB9020048D52A /* SceneDelegate.swift */ = {isa = PBXFileReference; lastKnownFileType = sourcecode.swift; path = SceneDelegate.swift; sourceTree = "<group>"; };
		CCC9DF00297BB9020048D52A /* ViewController.swift */ = {isa = PBXFileReference; lastKnownFileType = sourcecode.swift; path = ViewController.swift; sourceTree = "<group>"; };
		CCC9DF03297BB9020048D52A /* Base */ = {isa = PBXFileReference; lastKnownFileType = file.storyboard; name = Base; path = Base.lproj/Main.storyboard; sourceTree = "<group>"; };
		CCC9DF05297BB9060048D52A /* Assets.xcassets */ = {isa = PBXFileReference; lastKnownFileType = folder.assetcatalog; path = Assets.xcassets; sourceTree = "<group>"; };
		CCC9DF08297BB9060048D52A /* Base */ = {isa = PBXFileReference; lastKnownFileType = file.storyboard; name = Base; path = Base.lproj/LaunchScreen.storyboard; sourceTree = "<group>"; };
		CCC9DF0A297BB9060048D52A /* Info.plist */ = {isa = PBXFileReference; lastKnownFileType = text.plist.xml; path = Info.plist; sourceTree = "<group>"; };
		CCC9DF10297BBDDC0048D52A /* TableViewController.swift */ = {isa = PBXFileReference; lastKnownFileType = sourcecode.swift; path = TableViewController.swift; sourceTree = SOURCE_ROOT; };
		CCC9DF12297BC29C0048D52A /* data.swift */ = {isa = PBXFileReference; lastKnownFileType = sourcecode.swift; path = data.swift; sourceTree = "<group>"; };
		CCC9DF14297BCB9D0048D52A /* DetailsViewController.swift */ = {isa = PBXFileReference; lastKnownFileType = sourcecode.swift; path = DetailsViewController.swift; sourceTree = "<group>"; };
/* End PBXFileReference section */

/* Begin PBXFrameworksBuildPhase section */
		CCC9DEF6297BB9020048D52A /* Frameworks */ = {
			isa = PBXFrameworksBuildPhase;
			buildActionMask = 2147483647;
			files = (
			);
			runOnlyForDeploymentPostprocessing = 0;
		};
/* End PBXFrameworksBuildPhase section */

/* Begin PBXGroup section */
		CCC9DEF0297BB9020048D52A = {
			isa = PBXGroup;
			children = (
				CCC9DEFB297BB9020048D52A /* Presidents */,
				CCC9DEFA297BB9020048D52A /* Products */,
			);
			sourceTree = "<group>";
		};
		CCC9DEFA297BB9020048D52A /* Products */ = {
			isa = PBXGroup;
			children = (
				CCC9DEF9297BB9020048D52A /* Presidents.app */,
			);
			name = Products;
			sourceTree = "<group>";
		};
		CCC9DEFB297BB9020048D52A /* Presidents */ = {
			isa = PBXGroup;
			children = (
				CCC9DF14297BCB9D0048D52A /* DetailsViewController.swift */,
				CCC9DF10297BBDDC0048D52A /* TableViewController.swift */,
				CCC9DEFC297BB9020048D52A /* AppDelegate.swift */,
				CCC9DEFE297BB9020048D52A /* SceneDelegate.swift */,
				CCC9DF00297BB9020048D52A /* ViewController.swift */,
				CCC9DF02297BB9020048D52A /* Main.storyboard */,
				CCC9DF05297BB9060048D52A /* Assets.xcassets */,
				CCC9DF07297BB9060048D52A /* LaunchScreen.storyboard */,
				CCC9DF0A297BB9060048D52A /* Info.plist */,
				CCC9DF12297BC29C0048D52A /* data.swift */,
			);
			path = Presidents;
			sourceTree = "<group>";
		};
/* End PBXGroup section */

/* Begin PBXNativeTarget section */
		CCC9DEF8297BB9020048D52A /* Presidents */ = {
			isa = PBXNativeTarget;
			buildConfigurationList = CCC9DF0D297BB9060048D52A /* Build configuration list for PBXNativeTarget "Presidents" */;
			buildPhases = (
				CCC9DEF5297BB9020048D52A /* Sources */,
				CCC9DEF6297BB9020048D52A /* Frameworks */,
				CCC9DEF7297BB9020048D52A /* Resources */,
			);
			buildRules = (
			);
			dependencies = (
			);
			name = Presidents;
			productName = Presidents;
			productReference = CCC9DEF9297BB9020048D52A /* Presidents.app */;
			productType = "com.apple.product-type.application";
		};
/* End PBXNativeTarget section */

/* Begin PBXProject section */
		CCC9DEF1297BB9020048D52A /* Project object */ = {
			isa = PBXProject;
			attributes = {
				BuildIndependentTargetsInParallel = 1;
				LastSwiftUpdateCheck = 1420;
				LastUpgradeCheck = 1420;
				TargetAttributes = {
					CCC9DEF8297BB9020048D52A = {
						CreatedOnToolsVersion = 14.2;
					};
				};
			};
			buildConfigurationList = CCC9DEF4297BB9020048D52A /* Build configuration list for PBXProject "Presidents" */;
			compatibilityVersion = "Xcode 14.0";
			developmentRegion = en;
			hasScannedForEncodings = 0;
			knownRegions = (
				en,
				Base,
			);
			mainGroup = CCC9DEF0297BB9020048D52A;
			productRefGroup = CCC9DEFA297BB9020048D52A /* Products */;
			projectDirPath = "";
			projectRoot = "";
			targets = (
				CCC9DEF8297BB9020048D52A /* Presidents */,
			);
		};
/* End PBXProject section */

/* Begin PBXResourcesBuildPhase section */
		CCC9DEF7297BB9020048D52A /* Resources */ = {
			isa = PBXResourcesBuildPhase;
			buildActionMask = 2147483647;
			files = (
				CCC9DF09297BB9060048D52A /* LaunchScreen.storyboard in Resources */,
				CCC9DF06297BB9060048D52A /* Assets.xcassets in Resources */,
				CCC9DF04297BB9020048D52A /* Main.storyboard in Resources */,
			);
			runOnlyForDeploymentPostprocessing = 0;
		};
/* End PBXResourcesBuildPhase section */

/* Begin PBXSourcesBuildPhase section */
		CCC9DEF5297BB9020048D52A /* Sources */ = {
			isa = PBXSourcesBuildPhase;
			buildActionMask = 2147483647;
			files = (
				CCC9DF01297BB9020048D52A /* ViewController.swift in Sources */,
				CCC9DEFD297BB9020048D52A /* AppDelegate.swift in Sources */,
				CCC9DEFF297BB9020048D52A /* SceneDelegate.swift in Sources */,
				CCC9DF13297BC29C0048D52A /* data.swift in Sources */,
				CCC9DF11297BBDDC0048D52A /* TableViewController.swift in Sources */,
				CCC9DF15297BCB9D0048D52A /* DetailsViewController.swift in Sources */,
			);
			runOnlyForDeploymentPostprocessing = 0;
		};
/* End PBXSourcesBuildPhase section */

/* Begin PBXVariantGroup section */
		CCC9DF02297BB9020048D52A /* Main.storyboard */ = {
			isa = PBXVariantGroup;
			children = (
				CCC9DF03297BB9020048D52A /* Base */,
			);
			name = Main.storyboard;
			sourceTree = "<group>";
		};
		CCC9DF07297BB9060048D52A /* LaunchScreen.storyboard */ = {
			isa = PBXVariantGroup;
			children = (
				CCC9DF08297BB9060048D52A /* Base */,
			);
			name = LaunchScreen.storyboard;
			sourceTree = "<group>";
		};
/* End PBXVariantGroup section */

/* Begin XCBuildConfiguration section */
		CCC9DF0B297BB9060048D52A /* Debug */ = {
			isa = XCBuildConfiguration;
			buildSettings = {
				ALWAYS_SEARCH_USER_PATHS = NO;
				CLANG_ANALYZER_NONNULL = YES;
				CLANG_ANALYZER_NUMBER_OBJECT_CONVERSION = YES_AGGRESSIVE;
				CLANG_CXX_LANGUAGE_STANDARD = "gnu++20";
				CLANG_ENABLE_MODULES = YES;
				CLANG_ENABLE_OBJC_ARC = YES;
				CLANG_ENABLE_OBJC_WEAK = YES;
				CLANG_WARN_BLOCK_CAPTURE_AUTORELEASING = YES;
				CLANG_WARN_BOOL_CONVERSION = YES;
				CLANG_WARN_COMMA = YES;
				CLANG_WARN_CONSTANT_CONVERSION = YES;
				CLANG_WARN_DEPRECATED_OBJC_IMPLEMENTATIONS = YES;
				CLANG_WARN_DIRECT_OBJC_ISA_USAGE = YES_ERROR;
				CLANG_WARN_DOCUMENTATION_COMMENTS = YES;
				CLANG_WARN_EMPTY_BODY = YES;
				CLANG_WARN_ENUM_CONVERSION = YES;
				CLANG_WARN_INFINITE_RECURSION = YES;
				CLANG_WARN_INT_CONVERSION = YES;
				CLANG_WARN_NON_LITERAL_NULL_CONVERSION = YES;
				CLANG_WARN_OBJC_IMPLICIT_RETAIN_SELF = YES;
				CLANG_WARN_OBJC_LITERAL_CONVERSION = YES;
				CLANG_WARN_OBJC_ROOT_CLASS = YES_ERROR;
				CLANG_WARN_QUOTED_INCLUDE_IN_FRAMEWORK_HEADER = YES;
				CLANG_WARN_RANGE_LOOP_ANALYSIS = YES;
				CLANG_WARN_STRICT_PROTOTYPES = YES;
				CLANG_WARN_SUSPICIOUS_MOVE = YES;
				CLANG_WARN_UNGUARDED_AVAILABILITY = YES_AGGRESSIVE;
				CLANG_WARN_UNREACHABLE_CODE = YES;
				CLANG_WARN__DUPLICATE_METHOD_MATCH = YES;
				COPY_PHASE_STRIP = NO;
				DEBUG_INFORMATION_FORMAT = dwarf;
				ENABLE_STRICT_OBJC_MSGSEND = YES;
				ENABLE_TESTABILITY = YES;
				GCC_C_LANGUAGE_STANDARD = gnu11;
				GCC_DYNAMIC_NO_PIC = NO;
				GCC_NO_COMMON_BLOCKS = YES;
				GCC_OPTIMIZATION_LEVEL = 0;
				GCC_PREPROCESSOR_DEFINITIONS = (
					"DEBUG=1",
					"$(inherited)",
				);
				GCC_WARN_64_TO_32_BIT_CONVERSION = YES;
				GCC_WARN_ABOUT_RETURN_TYPE = YES_ERROR;
				GCC_WARN_UNDECLARED_SELECTOR = YES;
				GCC_WARN_UNINITIALIZED_AUTOS = YES_AGGRESSIVE;
				GCC_WARN_UNUSED_FUNCTION = YES;
				GCC_WARN_UNUSED_VARIABLE = YES;
				IPHONEOS_DEPLOYMENT_TARGET = 16.2;
				MTL_ENABLE_DEBUG_INFO = INCLUDE_SOURCE;
				MTL_FAST_MATH = YES;
				ONLY_ACTIVE_ARCH = YES;
				SDKROOT = iphoneos;
				SWIFT_ACTIVE_COMPILATION_CONDITIONS = DEBUG;
				SWIFT_OPTIMIZATION_LEVEL = "-Onone";
			};
			name = Debug;
		};
		CCC9DF0C297BB9060048D52A /* Release */ = {
			isa = XCBuildConfiguration;
			buildSettings = {
				ALWAYS_SEARCH_USER_PATHS = NO;
				CLANG_ANALYZER_NONNULL = YES;
				CLANG_ANALYZER_NUMBER_OBJECT_CONVERSION = YES_AGGRESSIVE;
				CLANG_CXX_LANGUAGE_STANDARD = "gnu++20";
				CLANG_ENABLE_MODULES = YES;
				CLANG_ENABLE_OBJC_ARC = YES;
				CLANG_ENABLE_OBJC_WEAK = YES;
				CLANG_WARN_BLOCK_CAPTURE_AUTORELEASING = YES;
				CLANG_WARN_BOOL_CONVERSION = YES;
				CLANG_WARN_COMMA = YES;
				CLANG_WARN_CONSTANT_CONVERSION = YES;
				CLANG_WARN_DEPRECATED_OBJC_IMPLEMENTATIONS = YES;
				CLANG_WARN_DIRECT_OBJC_ISA_USAGE = YES_ERROR;
				CLANG_WARN_DOCUMENTATION_COMMENTS = YES;
				CLANG_WARN_EMPTY_BODY = YES;
				CLANG_WARN_ENUM_CONVERSION = YES;
				CLANG_WARN_INFINITE_RECURSION = YES;
				CLANG_WARN_INT_CONVERSION = YES;
				CLANG_WARN_NON_LITERAL_NULL_CONVERSION = YES;
				CLANG_WARN_OBJC_IMPLICIT_RETAIN_SELF = YES;
				CLANG_WARN_OBJC_LITERAL_CONVERSION = YES;
				CLANG_WARN_OBJC_ROOT_CLASS = YES_ERROR;
				CLANG_WARN_QUOTED_INCLUDE_IN_FRAMEWORK_HEADER = YES;
				CLANG_WARN_RANGE_LOOP_ANALYSIS = YES;
				CLANG_WARN_STRICT_PROTOTYPES = YES;
				CLANG_WARN_SUSPICIOUS_MOVE = YES;
				CLANG_WARN_UNGUARDED_AVAILABILITY = YES_AGGRESSIVE;
				CLANG_WARN_UNREACHABLE_CODE = YES;
				CLANG_WARN__DUPLICATE_METHOD_MATCH = YES;
				COPY_PHASE_STRIP = NO;
				DEBUG_INFORMATION_FORMAT = "dwarf-with-dsym";
				ENABLE_NS_ASSERTIONS = NO;
				ENABLE_STRICT_OBJC_MSGSEND = YES;
				GCC_C_LANGUAGE_STANDARD = gnu11;
				GCC_NO_COMMON_BLOCKS = YES;
				GCC_WARN_64_TO_32_BIT_CONVERSION = YES;
				GCC_WARN_ABOUT_RETURN_TYPE = YES_ERROR;
				GCC_WARN_UNDECLARED_SELECTOR = YES;
				GCC_WARN_UNINITIALIZED_AUTOS = YES_AGGRESSIVE;
				GCC_WARN_UNUSED_FUNCTION = YES;
				GCC_WARN_UNUSED_VARIABLE = YES;
				IPHONEOS_DEPLOYMENT_TARGET = 16.2;
				MTL_ENABLE_DEBUG_INFO = NO;
				MTL_FAST_MATH = YES;
				SDKROOT = iphoneos;
				SWIFT_COMPILATION_MODE = wholemodule;
				SWIFT_OPTIMIZATION_LEVEL = "-O";
				VALIDATE_PRODUCT = YES;
			};
			name = Release;
		};
		CCC9DF0E297BB9060048D52A /* Debug */ = {
			isa = XCBuildConfiguration;
			buildSettings = {
				ASSETCATALOG_COMPILER_APPICON_NAME = AppIcon;
				ASSETCATALOG_COMPILER_GLOBAL_ACCENT_COLOR_NAME = AccentColor;
				CODE_SIGN_STYLE = Automatic;
				CURRENT_PROJECT_VERSION = 1;
				DEVELOPMENT_TEAM = 2BTN3EQ3QP;
				GENERATE_INFOPLIST_FILE = YES;
				INFOPLIST_FILE = Presidents/Info.plist;
				INFOPLIST_KEY_UIApplicationSupportsIndirectInputEvents = YES;
				INFOPLIST_KEY_UILaunchStoryboardName = LaunchScreen;
				INFOPLIST_KEY_UIMainStoryboardFile = Main;
				INFOPLIST_KEY_UISupportedInterfaceOrientations_iPad = "UIInterfaceOrientationPortrait UIInterfaceOrientationPortraitUpsideDown UIInterfaceOrientationLandscapeLeft UIInterfaceOrientationLandscapeRight";
				INFOPLIST_KEY_UISupportedInterfaceOrientations_iPhone = "UIInterfaceOrientationPortrait UIInterfaceOrientationLandscapeLeft UIInterfaceOrientationLandscapeRight";
				IPHONEOS_DEPLOYMENT_TARGET = 13.0;
				LD_RUNPATH_SEARCH_PATHS = (
					"$(inherited)",
					"@executable_path/Frameworks",
				);
				MARKETING_VERSION = 1.0;
				PRODUCT_BUNDLE_IDENTIFIER = com.GeorgiosLoulakis.Presidents;
				PRODUCT_NAME = "$(TARGET_NAME)";
				SUPPORTED_PLATFORMS = "iphoneos iphonesimulator";
				SUPPORTS_MACCATALYST = NO;
				SUPPORTS_MAC_DESIGNED_FOR_IPHONE_IPAD = NO;
				SWIFT_EMIT_LOC_STRINGS = YES;
				SWIFT_VERSION = 5.0;
				TARGETED_DEVICE_FAMILY = 1;
			};
			name = Debug;
		};
		CCC9DF0F297BB9060048D52A /* Release */ = {
			isa = XCBuildConfiguration;
			buildSettings = {
				ASSETCATALOG_COMPILER_APPICON_NAME = AppIcon;
				ASSETCATALOG_COMPILER_GLOBAL_ACCENT_COLOR_NAME = AccentColor;
				CODE_SIGN_STYLE = Automatic;
				CURRENT_PROJECT_VERSION = 1;
				DEVELOPMENT_TEAM = 2BTN3EQ3QP;
				GENERATE_INFOPLIST_FILE = YES;
				INFOPLIST_FILE = Presidents/Info.plist;
				INFOPLIST_KEY_UIApplicationSupportsIndirectInputEvents = YES;
				INFOPLIST_KEY_UILaunchStoryboardName = LaunchScreen;
				INFOPLIST_KEY_UIMainStoryboardFile = Main;
				INFOPLIST_KEY_UISupportedInterfaceOrientations_iPad = "UIInterfaceOrientationPortrait UIInterfaceOrientationPortraitUpsideDown UIInterfaceOrientationLandscapeLeft UIInterfaceOrientationLandscapeRight";
				INFOPLIST_KEY_UISupportedInterfaceOrientations_iPhone = "UIInterfaceOrientationPortrait UIInterfaceOrientationLandscapeLeft UIInterfaceOrientationLandscapeRight";
				IPHONEOS_DEPLOYMENT_TARGET = 13.0;
				LD_RUNPATH_SEARCH_PATHS = (
					"$(inherited)",
					"@executable_path/Frameworks",
				);
				MARKETING_VERSION = 1.0;
				PRODUCT_BUNDLE_IDENTIFIER = com.GeorgiosLoulakis.Presidents;
				PRODUCT_NAME = "$(TARGET_NAME)";
				SUPPORTED_PLATFORMS = "iphoneos iphonesimulator";
				SUPPORTS_MACCATALYST = NO;
				SUPPORTS_MAC_DESIGNED_FOR_IPHONE_IPAD = NO;
				SWIFT_EMIT_LOC_STRINGS = YES;
				SWIFT_VERSION = 5.0;
				TARGETED_DEVICE_FAMILY = 1;
			};
			name = Release;
		};
/* End XCBuildConfiguration section */

/* Begin XCConfigurationList section */
		CCC9DEF4297BB9020048D52A /* Build configuration list for PBXProject "Presidents" */ = {
			isa = XCConfigurationList;
			buildConfigurations = (
				CCC9DF0B297BB9060048D52A /* Debug */,
				CCC9DF0C297BB9060048D52A /* Release */,
			);
			defaultConfigurationIsVisible = 0;
			defaultConfigurationName = Release;
		};
		CCC9DF0D297BB9060048D52A /* Build configuration list for PBXNativeTarget "Presidents" */ = {
			isa = XCConfigurationList;
			buildConfigurations = (
				CCC9DF0E297BB9060048D52A /* Debug */,
				CCC9DF0F297BB9060048D52A /* Release */,
			);
			defaultConfigurationIsVisible = 0;
			defaultConfigurationName = Release;
		};
/* End XCConfigurationList section */
	};
	rootObject = CCC9DEF1297BB9020048D52A /* Project object */;
}
